{
  "version": 4,
  "terraform_version": "1.15.8",
  "serial": 104,
  "lineage": "e8de00cb-e5c1-b09a-9f50-fe52cd632135",
  "outputs": {},
  "resources": [
    {
      "mode": "managed",
      "type": "random_id",
      "name": "suffix",
      "provider": "provider[\"registry.terraform.io/hashicorp/random\"]",
      "instances": [
        {
          "schema_version": 0,
          "attributes": {
            "b64_std": "PtSUVg==",
            "b64_url": "PtSUVg",
            "byte_length": 4,
            "dec": "1054118998",
            "hex": "3ed49456",
            "id": "PtSUVg",
            "keepers": null,
            "prefix": null
          },
          "sensitive_attributes": [],
          "identity_schema_version": 0
        }
      ]
    },
    {
      "module": "module.s3_buckets",
      "mode": "managed",
      "type": "aws_s3_bucket",
      "name": "processed_bucket",
      "provider": "provider[\"registry.terraform.io/hashicorp/aws\"]",
      "instances": [
        {
          "schema_version": 0,
          "attributes": {
            "acceleration_status": "",
            "acl": null,
            "arn": "arn:aws:s3:::image-processor-dev-processed-3ed49456",
            "bucket": "image-processor-dev-processed-3ed49456",
            "bucket_domain_name": "image-processor-dev-processed-3ed49456.s3.amazonaws.com",
            "bucket_namespace": "global",
            "bucket_prefix": "",
            "bucket_region": "us-east-1",
            "bucket_regional_domain_name": "image-processor-dev-processed-3ed49456.s3.us-east-1.amazonaws.com",
            "cors_rule": [],
            "force_destroy": false,
            "grant": [
              {
                "id": "74e34f967100cc81eeb6fc052abb38b6ba11afc8e9597c31a665e4e40b2b041d",
                "permissions": [
                  "FULL_CONTROL"
                ],
                "type": "CanonicalUser",
                "uri": ""
              }
            ],
            "hosted_zone_id": "Z3AQBSTGFYJSTF",
            "id": "image-processor-dev-processed-3ed49456",
            "lifecycle_rule": [],
            "logging": [],
            "object_lock_configuration": [],
            "object_lock_enabled": false,
            "policy": "",
            "region": "us-east-1",
            "replication_configuration": [],
            "request_payer": "BucketOwner",
            "server_side_encryption_configuration": [
              {
                "rule": [
                  {
                    "apply_server_side_encryption_by_default": [
                      {
                        "kms_master_key_id": "",
                        "sse_algorithm": "AES256"
                      }
                    ],
                    "bucket_key_enabled": false
                  }
                ]
              }
            ],
            "tags": {
              "CreatedDate": "2026-07-19T07:49:36Z",
              "Environment": "dev",
              "ManagedBy": "Terraform",
              "Name": "image-processor-dev-processed-3ed49456",
              "Project": "image-processor",
              "Purpose": "Processed Images Destination"
            },
            "tags_all": {
              "CreatedDate": "2026-07-19T07:49:36Z",
              "Environment": "dev",
              "ManagedBy": "Terraform",
              "Name": "image-processor-dev-processed-3ed49456",
              "Project": "image-processor",
              "Purpose": "Processed Images Destination"
            },
            "timeouts": null,
            "versioning": [
              {
                "enabled": false,
                "mfa_delete": false
              }
            ],
            "website": [],
            "website_domain": null,
            "website_endpoint": null
          },
          "sensitive_attributes": [],
          "identity_schema_version": 0,
          "identity": {
            "account_id": "392646748790",
            "bucket": "image-processor-dev-processed-3ed49456",
            "region": "us-east-1"
          },
          "private": "eyJlMmJmYjczMC1lY2FhLTExZTYtOGY4OC0zNDM2M2JjN2M0YzAiOnsiY3JlYXRlIjoxMjAwMDAwMDAwMDAwLCJkZWxldGUiOjM2MDAwMDAwMDAwMDAsInJlYWQiOjEyMDAwMDAwMDAwMDAsInVwZGF0ZSI6MTIwMDAwMDAwMDAwMH19",
          "dependencies": [
            "random_id.suffix"
          ]
        }
      ]
    },
    {
      "module": "module.s3_buckets",
      "mode": "managed",
      "type": "aws_s3_bucket",
      "name": "upload_bucket",
      "provider": "provider[\"registry.terraform.io/hashicorp/aws\"]",
      "instances": [
        {
          "schema_version": 0,
          "attributes": {
            "acceleration_status": "",
            "acl": null,
            "arn": "arn:aws:s3:::image-processor-dev-upload-3ed49456",
            "bucket": "image-processor-dev-upload-3ed49456",
            "bucket_domain_name": "image-processor-dev-upload-3ed49456.s3.amazonaws.com",
            "bucket_namespace": "global",
            "bucket_prefix": "",
            "bucket_region": "us-east-1",
            "bucket_regional_domain_name": "image-processor-dev-upload-3ed49456.s3.us-east-1.amazonaws.com",
            "cors_rule": [],
            "force_destroy": false,
            "grant": [
              {
                "id": "74e34f967100cc81eeb6fc052abb38b6ba11afc8e9597c31a665e4e40b2b041d",
                "permissions": [
                  "FULL_CONTROL"
                ],
                "type": "CanonicalUser",
                "uri": ""
              }
            ],
            "hosted_zone_id": "Z3AQBSTGFYJSTF",
            "id": "image-processor-dev-upload-3ed49456",
            "lifecycle_rule": [],
            "logging": [],
            "object_lock_configuration": [],
            "object_lock_enabled": false,
            "policy": "",
            "region": "us-east-1",
            "replication_configuration": [],
            "request_payer": "BucketOwner",
            "server_side_encryption_configuration": [
              {
                "rule": [
                  {
                    "apply_server_side_encryption_by_default": [
                      {
                        "kms_master_key_id": "",
                        "sse_algorithm": "AES256"
                      }
                    ],
                    "bucket_key_enabled": false
                  }
                ]
              }
            ],
            "tags": {
              "CreatedDate": "2026-07-19T07:49:36Z",
              "Environment": "dev",
              "ManagedBy": "Terraform",
              "Name": "image-processor-dev-upload-3ed49456",
              "Project": "image-processor",
              "Purpose": "Image Upload Source"
            },
            "tags_all": {
              "CreatedDate": "2026-07-19T07:49:36Z",
              "Environment": "dev",
              "ManagedBy": "Terraform",
              "Name": "image-processor-dev-upload-3ed49456",
              "Project": "image-processor",
              "Purpose": "Image Upload Source"
            },
            "timeouts": null,
            "versioning": [
              {
                "enabled": false,
                "mfa_delete": false
              }
            ],
            "website": [],
            "website_domain": null,
            "website_endpoint": null
          },
          "sensitive_attributes": [],
          "identity_schema_version": 0,
          "identity": {
            "account_id": "392646748790",
            "bucket": "image-processor-dev-upload-3ed49456",
            "region": "us-east-1"
          },
          "private": "eyJlMmJmYjczMC1lY2FhLTExZTYtOGY4OC0zNDM2M2JjN2M0YzAiOnsiY3JlYXRlIjoxMjAwMDAwMDAwMDAwLCJkZWxldGUiOjM2MDAwMDAwMDAwMDAsInJlYWQiOjEyMDAwMDAwMDAwMDAsInVwZGF0ZSI6MTIwMDAwMDAwMDAwMH19",
          "dependencies": [
            "random_id.suffix"
          ]
        }
      ]
    }
  ],
  "check_results": [
    {
      "object_kind": "var",
      "config_addr": "var.alert_email",
      "status": "unknown",
      "objects": null
    }
  ]
}
